
Microsoft Visual Studio Solution File, Format Version 12.00
# Visual Studio Version 17
VisualStudioVersion = 17.12.35527.113 d17.12
MinimumVisualStudioVersion = 10.0.40219.1
Project("{2150E333-8FDC-42A3-9474-1A3956D46DE8}") = "1.InterfazUI", "1.InterfazUI", "{E044A82F-327A-4285-BA13-617057529C21}"
EndProject
Project("{2150E333-8FDC-42A3-9474-1A3956D46DE8}") = "2.Aplicacion", "2.Aplicacion", "{B817A653-2F7F-4C3F-8B4B-F17498AAFE61}"
EndProject
Project("{2150E333-8FDC-42A3-9474-1A3956D46DE8}") = "3.Dominio", "3.Dominio", "{43BF9A15-EB32-4407-8B02-3DB4FFEFF7EB}"
EndProject
Project("{2150E333-8FDC-42A3-9474-1A3956D46DE8}") = "4.Infraestructura", "4.Infraestructura", "{0BCD446F-061F-4559-9D28-D25157D78297}"
EndProject
Project("{FAE04EC0-301F-11D3-BF4B-00C04F79EFBC}") = "DulceFacil.UI.API", "DulceFacil.UI.API\DulceFacil.UI.API.csproj", "{7A09C459-1587-469E-BCC4-597968089B54}"
EndProject
Project("{FAE04EC0-301F-11D3-BF4B-00C04F79EFBC}") = "DulceFacil.Aplicacion", "DulceFacil.Aplicacion\DulceFacil.Aplicacion.csproj", "{683EFEB0-5CC4-4395-994E-C91893305E4D}"
EndProject
Project("{FAE04EC0-301F-11D3-BF4B-00C04F79EFBC}") = "DulceFacil.Aplicacion.DTO", "DulceFacil.Aplicacion.DTO\DulceFacil.Aplicacion.DTO.csproj", "{14805782-2375-4E68-8496-30ED8095E73D}"
EndProject
Project("{FAE04EC0-301F-11D3-BF4B-00C04F79EFBC}") = "DulceFacil.Dominio.Modelo", "DulceFacil.Dominio.Modelo\DulceFacil.Dominio.Modelo.csproj", "{28AF3476-548D-4188-84BD-BC2D58C8EF3C}"
EndProject
Project("{FAE04EC0-301F-11D3-BF4B-00C04F79EFBC}") = "DulceFacil.Dominio.Servicio", "DulceFacil.Dominio.Servicio\DulceFacil.Dominio.Servicio.csproj", "{9648C525-39A5-4645-B638-2DB6F7539958}"
EndProject
Project("{FAE04EC0-301F-11D3-BF4B-00C04F79EFBC}") = "DulceFacil.Infraestructura.AccesoDatos", "DulceFacil.Infraestructura.AccesoDatos\DulceFacil.Infraestructura.AccesoDatos.csproj", "{77E30FE5-B0A4-4686-A0F7-516ED8FBB12B}"
EndProject
Project("{FAE04EC0-301F-11D3-BF4B-00C04F79EFBC}") = "DulceFacil.Infraestructura.ServicioEmail", "DulceFacil.Infraestructura.ServicioEmail\DulceFacil.Infraestructura.ServicioEmail.csproj", "{A93F11B1-45C9-4BAD-8577-8BB4F7A0FD8E}"
EndProject
Project("{FAE04EC0-301F-11D3-BF4B-00C04F79EFBC}") = "DulceFacil.Infraestructura.ServicioExternos", "DulceFacil.Infraestructura.ServicioExternos\DulceFacil.Infraestructura.ServicioExternos.csproj", "{40217366-5E1B-4D85-9504-373327FFEE82}"
EndProject
Global
	GlobalSection(SolutionConfigurationPlatforms) = preSolution
		Debug|Any CPU = Debug|Any CPU
		Release|Any CPU = Release|Any CPU
	EndGlobalSection
	GlobalSection(ProjectConfigurationPlatforms) = postSolution
		{7A09C459-1587-469E-BCC4-597968089B54}.Debug|Any CPU.ActiveCfg = Debug|Any CPU
		{7A09C459-1587-469E-BCC4-597968089B54}.Debug|Any CPU.Build.0 = Debug|Any CPU
		{7A09C459-1587-469E-BCC4-597968089B54}.Release|Any CPU.ActiveCfg = Release|Any CPU
		{7A09C459-1587-469E-BCC4-597968089B54}.Release|Any CPU.Build.0 = Release|Any CPU
		{683EFEB0-5CC4-4395-994E-C91893305E4D}.Debug|Any CPU.ActiveCfg = Debug|Any CPU
		{683EFEB0-5CC4-4395-994E-C91893305E4D}.Debug|Any CPU.Build.0 = Debug|Any CPU
		{683EFEB0-5CC4-4395-994E-C91893305E4D}.Release|Any CPU.ActiveCfg = Release|Any CPU
		{683EFEB0-5CC4-4395-994E-C91893305E4D}.Release|Any CPU.Build.0 = Release|Any CPU
		{14805782-2375-4E68-8496-30ED8095E73D}.Debug|Any CPU.ActiveCfg = Debug|Any CPU
		{14805782-2375-4E68-8496-30ED8095E73D}.Debug|Any CPU.Build.0 = Debug|Any CPU
		{14805782-2375-4E68-8496-30ED8095E73D}.Release|Any CPU.ActiveCfg = Release|Any CPU
		{14805782-2375-4E68-8496-30ED8095E73D}.Release|Any CPU.Build.0 = Release|Any CPU
		{28AF3476-548D-4188-84BD-BC2D58C8EF3C}.Debug|Any CPU.ActiveCfg = Debug|Any CPU
		{28AF3476-548D-4188-84BD-BC2D58C8EF3C}.Debug|Any CPU.Build.0 = Debug|Any CPU
		{28AF3476-548D-4188-84BD-BC2D58C8EF3C}.Release|Any CPU.ActiveCfg = Release|Any CPU
		{28AF3476-548D-4188-84BD-BC2D58C8EF3C}.Release|Any CPU.Build.0 = Release|Any CPU
		{9648C525-39A5-4645-B638-2DB6F7539958}.Debug|Any CPU.ActiveCfg = Debug|Any CPU
		{9648C525-39A5-4645-B638-2DB6F7539958}.Debug|Any CPU.Build.0 = Debug|Any CPU
		{9648C525-39A5-4645-B638-2DB6F7539958}.Release|Any CPU.ActiveCfg = Release|Any CPU
		{9648C525-39A5-4645-B638-2DB6F7539958}.Release|Any CPU.Build.0 = Release|Any CPU
		{77E30FE5-B0A4-4686-A0F7-516ED8FBB12B}.Debug|Any CPU.ActiveCfg = Debug|Any CPU
		{77E30FE5-B0A4-4686-A0F7-516ED8FBB12B}.Debug|Any CPU.Build.0 = Debug|Any CPU
		{77E30FE5-B0A4-4686-A0F7-516ED8FBB12B}.Release|Any CPU.ActiveCfg = Release|Any CPU
		{77E30FE5-B0A4-4686-A0F7-516ED8FBB12B}.Release|Any CPU.Build.0 = Release|Any CPU
		{A93F11B1-45C9-4BAD-8577-8BB4F7A0FD8E}.Debug|Any CPU.ActiveCfg = Debug|Any CPU
		{A93F11B1-45C9-4BAD-8577-8BB4F7A0FD8E}.Debug|Any CPU.Build.0 = Debug|Any CPU
		{A93F11B1-45C9-4BAD-8577-8BB4F7A0FD8E}.Release|Any CPU.ActiveCfg = Release|Any CPU
		{A93F11B1-45C9-4BAD-8577-8BB4F7A0FD8E}.Release|Any CPU.Build.0 = Release|Any CPU
		{40217366-5E1B-4D85-9504-373327FFEE82}.Debug|Any CPU.ActiveCfg = Debug|Any CPU
		{40217366-5E1B-4D85-9504-373327FFEE82}.Debug|Any CPU.Build.0 = Debug|Any CPU
		{40217366-5E1B-4D85-9504-373327FFEE82}.Release|Any CPU.ActiveCfg = Release|Any CPU
		{40217366-5E1B-4D85-9504-373327FFEE82}.Release|Any CPU.Build.0 = Release|Any CPU
	EndGlobalSection
	GlobalSection(SolutionProperties) = preSolution
		HideSolutionNode = FALSE
	EndGlobalSection
	GlobalSection(NestedProjects) = preSolution
		{7A09C459-1587-469E-BCC4-597968089B54} = {E044A82F-327A-4285-BA13-617057529C21}
		{683EFEB0-5CC4-4395-994E-C91893305E4D} = {B817A653-2F7F-4C3F-8B4B-F17498AAFE61}
		{14805782-2375-4E68-8496-30ED8095E73D} = {B817A653-2F7F-4C3F-8B4B-F17498AAFE61}
		{28AF3476-548D-4188-84BD-BC2D58C8EF3C} = {43BF9A15-EB32-4407-8B02-3DB4FFEFF7EB}
		{9648C525-39A5-4645-B638-2DB6F7539958} = {43BF9A15-EB32-4407-8B02-3DB4FFEFF7EB}
		{77E30FE5-B0A4-4686-A0F7-516ED8FBB12B} = {0BCD446F-061F-4559-9D28-D25157D78297}
		{A93F11B1-45C9-4BAD-8577-8BB4F7A0FD8E} = {0BCD446F-061F-4559-9D28-D25157D78297}
		{40217366-5E1B-4D85-9504-373327FFEE82} = {0BCD446F-061F-4559-9D28-D25157D78297}
	EndGlobalSection
EndGlobal
